
Microsoft Visual Studio Solution File, Format Version 12.00
# Visual Studio 14
VisualStudioVersion = 14.0.24720.0
MinimumVisualStudioVersion = 10.0.40219.1
Project("{FAE04EC0-301F-11D3-BF4B-00C04F79EFBC}") = "NinjaSoftware.EnioNg.CoolJ", "CoolJ\NinjaSoftware.EnioNg.CoolJ.csproj", "{9BE7D7EC-E981-4CAF-87B8-F2347089B1EA}"
EndProject
Project("{FAE04EC0-301F-11D3-BF4B-00C04F79EFBC}") = "NinjaSoftware.EnioNg.Common", "NinjaSoftware.EnioNg.Common\NinjaSoftware.EnioNg.Common.csproj", "{253D955A-127D-4DBD-B2C2-5CD80F3C9315}"
EndProject
Project("{FAE04EC0-301F-11D3-BF4B-00C04F79EFBC}") = "NinjaSoftware.EnioNg.Web", "NinjaSoftware.EnioNg.Web\NinjaSoftware.EnioNg.Web.csproj", "{AA020CBC-D80F-4DB7-85C0-3269686495D2}"
EndProject
Project("{FAE04EC0-301F-11D3-BF4B-00C04F79EFBC}") = "NinjaSoftware.EnioNg.CoolJ.PostgreSqlDBSpecific", "CoolJ\PostgreSql (Npgsql)\NinjaSoftware.EnioNg.CoolJ.PostgreSqlDBSpecific.csproj", "{57FB4C1D-1C7B-4E00-8A1D-2892A935840F}"
EndProject
Project("{FAE04EC0-301F-11D3-BF4B-00C04F79EFBC}") = "NinjaSoftware.EnioNg.CoolJ.SqlServerDBSpecific", "CoolJ\SQL Server (SqlClient)\NinjaSoftware.EnioNg.CoolJ.SqlServerDBSpecific.csproj", "{17738FFB-8752-4DE6-A765-0E18DDD23FA6}"
EndProject
Global
	GlobalSection(SolutionConfigurationPlatforms) = preSolution
		Debug|Any CPU = Debug|Any CPU
		Release|Any CPU = Release|Any CPU
	EndGlobalSection
	GlobalSection(ProjectConfigurationPlatforms) = postSolution
		{9BE7D7EC-E981-4CAF-87B8-F2347089B1EA}.Debug|Any CPU.ActiveCfg = Debug|Any CPU
		{9BE7D7EC-E981-4CAF-87B8-F2347089B1EA}.Debug|Any CPU.Build.0 = Debug|Any CPU
		{9BE7D7EC-E981-4CAF-87B8-F2347089B1EA}.Release|Any CPU.ActiveCfg = Release|Any CPU
		{9BE7D7EC-E981-4CAF-87B8-F2347089B1EA}.Release|Any CPU.Build.0 = Release|Any CPU
		{253D955A-127D-4DBD-B2C2-5CD80F3C9315}.Debug|Any CPU.ActiveCfg = Debug|Any CPU
		{253D955A-127D-4DBD-B2C2-5CD80F3C9315}.Debug|Any CPU.Build.0 = Debug|Any CPU
		{253D955A-127D-4DBD-B2C2-5CD80F3C9315}.Release|Any CPU.ActiveCfg = Release|Any CPU
		{253D955A-127D-4DBD-B2C2-5CD80F3C9315}.Release|Any CPU.Build.0 = Release|Any CPU
		{AA020CBC-D80F-4DB7-85C0-3269686495D2}.Debug|Any CPU.ActiveCfg = Debug|Any CPU
		{AA020CBC-D80F-4DB7-85C0-3269686495D2}.Debug|Any CPU.Build.0 = Debug|Any CPU
		{AA020CBC-D80F-4DB7-85C0-3269686495D2}.Release|Any CPU.ActiveCfg = Release|Any CPU
		{AA020CBC-D80F-4DB7-85C0-3269686495D2}.Release|Any CPU.Build.0 = Release|Any CPU
		{57FB4C1D-1C7B-4E00-8A1D-2892A935840F}.Debug|Any CPU.ActiveCfg = Debug|Any CPU
		{57FB4C1D-1C7B-4E00-8A1D-2892A935840F}.Debug|Any CPU.Build.0 = Debug|Any CPU
		{57FB4C1D-1C7B-4E00-8A1D-2892A935840F}.Release|Any CPU.ActiveCfg = Release|Any CPU
		{57FB4C1D-1C7B-4E00-8A1D-2892A935840F}.Release|Any CPU.Build.0 = Release|Any CPU
		{17738FFB-8752-4DE6-A765-0E18DDD23FA6}.Debug|Any CPU.ActiveCfg = Debug|Any CPU
		{17738FFB-8752-4DE6-A765-0E18DDD23FA6}.Debug|Any CPU.Build.0 = Debug|Any CPU
		{17738FFB-8752-4DE6-A765-0E18DDD23FA6}.Release|Any CPU.ActiveCfg = Release|Any CPU
		{17738FFB-8752-4DE6-A765-0E18DDD23FA6}.Release|Any CPU.Build.0 = Release|Any CPU
	EndGlobalSection
	GlobalSection(SolutionProperties) = preSolution
		HideSolutionNode = FALSE
	EndGlobalSection
	GlobalSection(MonoDevelopProperties) = preSolution
		StartupItem = NinjaSoftware.EnioNg.Web\NinjaSoftware.EnioNg.Web.csproj
	EndGlobalSection
EndGlobal
